
Microsoft Visual Studio Solution File, Format Version 12.00
# Visual Studio Version 17
VisualStudioVersion = 17.8.34601.278
MinimumVisualStudioVersion = 10.0.40219.1
Project("{FAE04EC0-301F-11D3-BF4B-00C04F79EFBC}") = "ExtendedFeatures", "ExtendedFeatures\ExtendedFeatures.csproj", "{3B4AADC1-633F-4C00-A79D-6C0C8C37ABD8}"
EndProject
Project("{FAE04EC0-301F-11D3-BF4B-00C04F79EFBC}") = "ExtendedFeaturesTest", "ExtendedFeaturesTest\ExtendedFeaturesTest.csproj", "{DD274A03-B3F3-4217-B117-0A7C51646940}"
EndProject
Project("{FAE04EC0-301F-11D3-BF4B-00C04F79EFBC}") = "AutoGeneration", "AutoGeneration\AutoGeneration.csproj", "{65EF679C-F204-4E2B-BFCF-5777A8DF9584}"
EndProject
Global
	GlobalSection(SolutionConfigurationPlatforms) = preSolution
		Debug|Any CPU = Debug|Any CPU
		Release|Any CPU = Release|Any CPU
	EndGlobalSection
	GlobalSection(ProjectConfigurationPlatforms) = postSolution
		{3B4AADC1-633F-4C00-A79D-6C0C8C37ABD8}.Debug|Any CPU.ActiveCfg = Debug|Any CPU
		{3B4AADC1-633F-4C00-A79D-6C0C8C37ABD8}.Debug|Any CPU.Build.0 = Debug|Any CPU
		{3B4AADC1-633F-4C00-A79D-6C0C8C37ABD8}.Release|Any CPU.ActiveCfg = Release|Any CPU
		{3B4AADC1-633F-4C00-A79D-6C0C8C37ABD8}.Release|Any CPU.Build.0 = Release|Any CPU
		{DD274A03-B3F3-4217-B117-0A7C51646940}.Debug|Any CPU.ActiveCfg = Debug|Any CPU
		{DD274A03-B3F3-4217-B117-0A7C51646940}.Debug|Any CPU.Build.0 = Debug|Any CPU
		{DD274A03-B3F3-4217-B117-0A7C51646940}.Release|Any CPU.ActiveCfg = Release|Any CPU
		{DD274A03-B3F3-4217-B117-0A7C51646940}.Release|Any CPU.Build.0 = Release|Any CPU
		{65EF679C-F204-4E2B-BFCF-5777A8DF9584}.Debug|Any CPU.ActiveCfg = Debug|Any CPU
		{65EF679C-F204-4E2B-BFCF-5777A8DF9584}.Debug|Any CPU.Build.0 = Debug|Any CPU
		{65EF679C-F204-4E2B-BFCF-5777A8DF9584}.Release|Any CPU.ActiveCfg = Release|Any CPU
		{65EF679C-F204-4E2B-BFCF-5777A8DF9584}.Release|Any CPU.Build.0 = Release|Any CPU
	EndGlobalSection
	GlobalSection(SolutionProperties) = preSolution
		HideSolutionNode = FALSE
	EndGlobalSection
	GlobalSection(ExtensibilityGlobals) = postSolution
		SolutionGuid = {4FC6DBA8-3336-4119-A7C7-95697E876384}
	EndGlobalSection
EndGlobal
